
Microsoft Visual Studio Solution File, Format Version 12.00
# Visual Studio Version 17
VisualStudioVersion = 17.5.33424.131
MinimumVisualStudioVersion = 10.0.40219.1
Project("{FAE04EC0-301F-11D3-BF4B-00C04F79EFBC}") = "CbarRatesApp", "CbarRatesApp\CbarRatesApp.csproj", "{693AD562-E72B-4D08-BAA5-5153A22F30E3}"
EndProject
Global
	GlobalSection(SolutionConfigurationPlatforms) = preSolution
		Debug|Any CPU = Debug|Any CPU
		Release|Any CPU = Release|Any CPU
	EndGlobalSection
	GlobalSection(ProjectConfigurationPlatforms) = postSolution
		{693AD562-E72B-4D08-BAA5-5153A22F30E3}.Debug|Any CPU.ActiveCfg = Debug|Any CPU
		{693AD562-E72B-4D08-BAA5-5153A22F30E3}.Debug|Any CPU.Build.0 = Debug|Any CPU
		{693AD562-E72B-4D08-BAA5-5153A22F30E3}.Release|Any CPU.ActiveCfg = Release|Any CPU
		{693AD562-E72B-4D08-BAA5-5153A22F30E3}.Release|Any CPU.Build.0 = Release|Any CPU
	EndGlobalSection
	GlobalSection(SolutionProperties) = preSolution
		HideSolutionNode = FALSE
	EndGlobalSection
	GlobalSection(ExtensibilityGlobals) = postSolution
		SolutionGuid = {E895FAFA-0287-46F9-A015-896D28BC9A4B}
	EndGlobalSection
EndGlobal
